{
  "nodes": {
    "hyprland": {
      "inputs": {
        "hyprland-protocols": "hyprland-protocols",
        "nixpkgs": "nixpkgs",
        "wlroots": "wlroots",
        "xdph": "xdph"
      },
      "locked": {
        "lastModified": 1685632091,
        "narHash": "sha256-RAfDARolNWT4ZF8IH6WwVd2s0jMuaA9zUPeb+I8/L1A=",
        "owner": "hyprwm",
        "repo": "Hyprland",
        "rev": "9cf72a30fc040f0bd2fb4651ec7f8e82df962278",
        "type": "github"
      },
      "original": {
        "owner": "hyprwm",
        "repo": "Hyprland",
        "type": "github"
      }
    },
    "hyprland-protocols": {
      "inputs": {
        "nixpkgs": [
          "hyprland",
          "nixpkgs"
        ]
      },
      "locked": {
        "lastModified": 1684265364,
        "narHash": "sha256-AxNnWbthsuNx73HDQr0eBxrcE3+yfl/WsaXZqUFmkpQ=",
        "owner": "hyprwm",
        "repo": "hyprland-protocols",
        "rev": "8c279b9fb0f2b031427dc5ef4eab53f2ed835530",
        "type": "github"
      },
      "original": {
        "owner": "hyprwm",
        "repo": "hyprland-protocols",
        "type": "github"
      }
    },
    "nixpkgs": {
      "locked": {
        "lastModified": 1685383865,
        "narHash": "sha256-3uQytfnotO6QJv3r04ajSXbEFMII0dUtw0uqYlZ4dbk=",
        "owner": "NixOS",
        "repo": "nixpkgs",
        "rev": "5e871d8aa6f57cc8e0dc087d1c5013f6e212b4ce",
        "type": "github"
      },
      "original": {
        "owner": "NixOS",
        "ref": "nixos-unstable",
        "repo": "nixpkgs",
        "type": "github"
      }
    },
    "nixpkgs_2": {
      "locked": {
        "lastModified": 1685533922,
        "narHash": "sha256-y4FCQpYafMQ42l1V+NUrMel9RtFtZo59PzdzflKR/lo=",
        "owner": "nixos",
        "repo": "nixpkgs",
        "rev": "3a70dd92993182f8e514700ccf5b1ae9fc8a3b8d",
        "type": "github"
      },
      "original": {
        "owner": "nixos",
        "ref": "nixos-23.05",
        "repo": "nixpkgs",
        "type": "github"
      }
    },
    "root": {
      "inputs": {
        "hyprland": "hyprland",
        "nixpkgs": "nixpkgs_2"
      }
    },
    "wlroots": {
      "flake": false,
      "locked": {
        "host": "gitlab.freedesktop.org",
        "lastModified": 1685491729,
        "narHash": "sha256-YfpP8tKpcr0Lxlr3PdoMaY3GD/uJRl6E5pp5KQCEuzg=",
        "owner": "wlroots",
        "repo": "wlroots",
        "rev": "3f0487d310974f6ff889ca80e4fb4005553814ed",
        "type": "gitlab"
      },
      "original": {
        "host": "gitlab.freedesktop.org",
        "owner": "wlroots",
        "repo": "wlroots",
        "type": "gitlab"
      }
    },
    "xdph": {
      "inputs": {
        "hyprland-protocols": [
          "hyprland",
          "hyprland-protocols"
        ],
        "nixpkgs": [
          "hyprland",
          "nixpkgs"
        ]
      },
      "locked": {
        "lastModified": 1685385764,
        "narHash": "sha256-r+XMyOoRXq+hlfjayb+fyi9kq2JK48TrwuNIAXqlj7U=",
        "owner": "hyprwm",
        "repo": "xdg-desktop-portal-hyprland",
        "rev": "4d9ff0c17716936e0b5ca577a39e263633901ed1",
        "type": "github"
      },
      "original": {
        "owner": "hyprwm",
        "repo": "xdg-desktop-portal-hyprland",
        "type": "github"
      }
    }
  },
  "root": "root",
  "version": 7
}
