{
  "nodes": {
    "nixpkgs": {
      "locked": {
        "lastModified": 1683928319,
        "narHash": "sha256-maz0DRKixJVcNRMiAMWlJniiF8IuQ+WbfmlJJ8D+jfM=",
        "owner": "nixos",
        "repo": "nixpkgs",
        "rev": "9656e85a15a0fe67847ee8cdb99a20d8df499962",
        "type": "github"
      },
      "original": {
        "owner": "nixos",
        "ref": "nixos-22.11",
        "repo": "nixpkgs",
        "type": "github"
      }
    },
    "root": {
      "inputs": {
        "nixpkgs": "nixpkgs"
      }
    }
  },
  "root": "root",
  "version": 7
}
